
Microsoft Visual Studio Solution File, Format Version 12.00
# Visual Studio Version 16
VisualStudioVersion = 16.0.29306.81
MinimumVisualStudioVersion = 10.0.40219.1
Project("{FAE04EC0-301F-11D3-BF4B-00C04F79EFBC}") = "MainHost", "MainHost\MainHost.csproj", "{F676D09F-0E51-451C-B0CE-075A57C4D0F8}"
EndProject
Project("{FAE04EC0-301F-11D3-BF4B-00C04F79EFBC}") = "Contracts", "Contracts\Contracts.csproj", "{2CF4F40A-B2A5-4200-9894-BF3E74978C84}"
EndProject
Project("{FAE04EC0-301F-11D3-BF4B-00C04F79EFBC}") = "Plugins", "Plugins\Plugins.csproj", "{B91ACFD2-488C-4F11-A8CD-DFEC5C46A001}"
EndProject
Global
	GlobalSection(SolutionConfigurationPlatforms) = preSolution
		Debug|Any CPU = Debug|Any CPU
		Release|Any CPU = Release|Any CPU
	EndGlobalSection
	GlobalSection(ProjectConfigurationPlatforms) = postSolution
		{F676D09F-0E51-451C-B0CE-075A57C4D0F8}.Debug|Any CPU.ActiveCfg = Debug|Any CPU
		{F676D09F-0E51-451C-B0CE-075A57C4D0F8}.Debug|Any CPU.Build.0 = Debug|Any CPU
		{F676D09F-0E51-451C-B0CE-075A57C4D0F8}.Release|Any CPU.ActiveCfg = Release|Any CPU
		{F676D09F-0E51-451C-B0CE-075A57C4D0F8}.Release|Any CPU.Build.0 = Release|Any CPU
		{2CF4F40A-B2A5-4200-9894-BF3E74978C84}.Debug|Any CPU.ActiveCfg = Debug|Any CPU
		{2CF4F40A-B2A5-4200-9894-BF3E74978C84}.Debug|Any CPU.Build.0 = Debug|Any CPU
		{2CF4F40A-B2A5-4200-9894-BF3E74978C84}.Release|Any CPU.ActiveCfg = Release|Any CPU
		{2CF4F40A-B2A5-4200-9894-BF3E74978C84}.Release|Any CPU.Build.0 = Release|Any CPU
		{B91ACFD2-488C-4F11-A8CD-DFEC5C46A001}.Debug|Any CPU.ActiveCfg = Debug|Any CPU
		{B91ACFD2-488C-4F11-A8CD-DFEC5C46A001}.Debug|Any CPU.Build.0 = Debug|Any CPU
		{B91ACFD2-488C-4F11-A8CD-DFEC5C46A001}.Release|Any CPU.ActiveCfg = Release|Any CPU
		{B91ACFD2-488C-4F11-A8CD-DFEC5C46A001}.Release|Any CPU.Build.0 = Release|Any CPU
	EndGlobalSection
	GlobalSection(SolutionProperties) = preSolution
		HideSolutionNode = FALSE
	EndGlobalSection
	GlobalSection(ExtensibilityGlobals) = postSolution
		SolutionGuid = {72059A16-74CF-40A2-8D9F-544DCE3524C0}
	EndGlobalSection
EndGlobal
