
Microsoft Visual Studio Solution File, Format Version 12.00
# Visual Studio Version 16
VisualStudioVersion = 16.0.29306.81
MinimumVisualStudioVersion = 10.0.40219.1
Project("{FAE04EC0-301F-11D3-BF4B-00C04F79EFBC}") = "StyleCopCustomRule", "StyleCopCustomRule\StyleCopCustomRule.csproj", "{78F9CDD9-B514-410C-AAEF-9BF76B1E7AAD}"
EndProject
Project("{FAE04EC0-301F-11D3-BF4B-00C04F79EFBC}") = "StyleCopCustomRuleTests", "StyleCopCustomRuleTests\StyleCopCustomRuleTests.csproj", "{DBB60A72-2253-4FB7-A74E-3189B62A4323}"
EndProject
Project("{FAE04EC0-301F-11D3-BF4B-00C04F79EFBC}") = "Task2MaestroNet", "Task2MaestroNet\Task2MaestroNet.csproj", "{C3A57427-58C2-4FB9-A540-B4D55EF790AD}"
EndProject
Project("{FAE04EC0-301F-11D3-BF4B-00C04F79EFBC}") = "MyNugetFeed", "MyNugetFeed\MyNugetFeed.csproj", "{FA6A8B6B-F154-4F9F-8CAE-39E79B826BAC}"
EndProject
Project("{FAE04EC0-301F-11D3-BF4B-00C04F79EFBC}") = "NugetTest", "NugetTest\NugetTest.csproj", "{DA4B589D-7D5B-4555-B108-AA0F3AA3C9FB}"
EndProject
Global
	GlobalSection(SolutionConfigurationPlatforms) = preSolution
		Debug|Any CPU = Debug|Any CPU
		Release|Any CPU = Release|Any CPU
	EndGlobalSection
	GlobalSection(ProjectConfigurationPlatforms) = postSolution
		{78F9CDD9-B514-410C-AAEF-9BF76B1E7AAD}.Debug|Any CPU.ActiveCfg = Debug|Any CPU
		{78F9CDD9-B514-410C-AAEF-9BF76B1E7AAD}.Debug|Any CPU.Build.0 = Debug|Any CPU
		{78F9CDD9-B514-410C-AAEF-9BF76B1E7AAD}.Release|Any CPU.ActiveCfg = Release|Any CPU
		{78F9CDD9-B514-410C-AAEF-9BF76B1E7AAD}.Release|Any CPU.Build.0 = Release|Any CPU
		{DBB60A72-2253-4FB7-A74E-3189B62A4323}.Debug|Any CPU.ActiveCfg = Debug|Any CPU
		{DBB60A72-2253-4FB7-A74E-3189B62A4323}.Debug|Any CPU.Build.0 = Debug|Any CPU
		{DBB60A72-2253-4FB7-A74E-3189B62A4323}.Release|Any CPU.ActiveCfg = Release|Any CPU
		{DBB60A72-2253-4FB7-A74E-3189B62A4323}.Release|Any CPU.Build.0 = Release|Any CPU
		{C3A57427-58C2-4FB9-A540-B4D55EF790AD}.Debug|Any CPU.ActiveCfg = Debug|Any CPU
		{C3A57427-58C2-4FB9-A540-B4D55EF790AD}.Debug|Any CPU.Build.0 = Debug|Any CPU
		{C3A57427-58C2-4FB9-A540-B4D55EF790AD}.Release|Any CPU.ActiveCfg = Release|Any CPU
		{C3A57427-58C2-4FB9-A540-B4D55EF790AD}.Release|Any CPU.Build.0 = Release|Any CPU
		{FA6A8B6B-F154-4F9F-8CAE-39E79B826BAC}.Debug|Any CPU.ActiveCfg = Debug|Any CPU
		{FA6A8B6B-F154-4F9F-8CAE-39E79B826BAC}.Debug|Any CPU.Build.0 = Debug|Any CPU
		{FA6A8B6B-F154-4F9F-8CAE-39E79B826BAC}.Release|Any CPU.ActiveCfg = Release|Any CPU
		{FA6A8B6B-F154-4F9F-8CAE-39E79B826BAC}.Release|Any CPU.Build.0 = Release|Any CPU
		{DA4B589D-7D5B-4555-B108-AA0F3AA3C9FB}.Debug|Any CPU.ActiveCfg = Debug|Any CPU
		{DA4B589D-7D5B-4555-B108-AA0F3AA3C9FB}.Debug|Any CPU.Build.0 = Debug|Any CPU
		{DA4B589D-7D5B-4555-B108-AA0F3AA3C9FB}.Release|Any CPU.ActiveCfg = Release|Any CPU
		{DA4B589D-7D5B-4555-B108-AA0F3AA3C9FB}.Release|Any CPU.Build.0 = Release|Any CPU
	EndGlobalSection
	GlobalSection(SolutionProperties) = preSolution
		HideSolutionNode = FALSE
	EndGlobalSection
	GlobalSection(ExtensibilityGlobals) = postSolution
		SolutionGuid = {E01DED02-7817-4546-9DCB-18350703A753}
	EndGlobalSection
EndGlobal
