
Microsoft Visual Studio Solution File, Format Version 12.00
# Visual Studio Version 16
VisualStudioVersion = 16.0.29306.81
MinimumVisualStudioVersion = 10.0.40219.1
Project("{00D1A9C2-B5F0-4AF3-8072-F6C62B433612}") = "Northwind_v.1.0", "Northwind_v.1.0\Northwind_v.1.0.sqlproj", "{341ED055-D4C8-40EE-8763-FDC8CCBD2C14}"
EndProject
Project("{00D1A9C2-B5F0-4AF3-8072-F6C62B433612}") = "Northwind_v.1.1", "Northwind_v.1.1\Northwind_v.1.1.sqlproj", "{5E1EC61C-20B8-4BCB-B075-AF53C2CBA058}"
EndProject
Project("{00D1A9C2-B5F0-4AF3-8072-F6C62B433612}") = "Northwind_v.1.3", "Northwind_v.1.3\Northwind_v.1.3.sqlproj", "{364AFF1B-23D6-45D9-963C-9D4F41B015A6}"
EndProject
Global
	GlobalSection(SolutionConfigurationPlatforms) = preSolution
		Debug|Any CPU = Debug|Any CPU
		Release|Any CPU = Release|Any CPU
	EndGlobalSection
	GlobalSection(ProjectConfigurationPlatforms) = postSolution
		{341ED055-D4C8-40EE-8763-FDC8CCBD2C14}.Debug|Any CPU.ActiveCfg = Debug|Any CPU
		{341ED055-D4C8-40EE-8763-FDC8CCBD2C14}.Debug|Any CPU.Build.0 = Debug|Any CPU
		{341ED055-D4C8-40EE-8763-FDC8CCBD2C14}.Debug|Any CPU.Deploy.0 = Debug|Any CPU
		{341ED055-D4C8-40EE-8763-FDC8CCBD2C14}.Release|Any CPU.ActiveCfg = Release|Any CPU
		{341ED055-D4C8-40EE-8763-FDC8CCBD2C14}.Release|Any CPU.Build.0 = Release|Any CPU
		{341ED055-D4C8-40EE-8763-FDC8CCBD2C14}.Release|Any CPU.Deploy.0 = Release|Any CPU
		{5E1EC61C-20B8-4BCB-B075-AF53C2CBA058}.Debug|Any CPU.ActiveCfg = Debug|Any CPU
		{5E1EC61C-20B8-4BCB-B075-AF53C2CBA058}.Debug|Any CPU.Build.0 = Debug|Any CPU
		{5E1EC61C-20B8-4BCB-B075-AF53C2CBA058}.Debug|Any CPU.Deploy.0 = Debug|Any CPU
		{5E1EC61C-20B8-4BCB-B075-AF53C2CBA058}.Release|Any CPU.ActiveCfg = Release|Any CPU
		{5E1EC61C-20B8-4BCB-B075-AF53C2CBA058}.Release|Any CPU.Build.0 = Release|Any CPU
		{5E1EC61C-20B8-4BCB-B075-AF53C2CBA058}.Release|Any CPU.Deploy.0 = Release|Any CPU
		{364AFF1B-23D6-45D9-963C-9D4F41B015A6}.Debug|Any CPU.ActiveCfg = Debug|Any CPU
		{364AFF1B-23D6-45D9-963C-9D4F41B015A6}.Debug|Any CPU.Build.0 = Debug|Any CPU
		{364AFF1B-23D6-45D9-963C-9D4F41B015A6}.Debug|Any CPU.Deploy.0 = Debug|Any CPU
		{364AFF1B-23D6-45D9-963C-9D4F41B015A6}.Release|Any CPU.ActiveCfg = Release|Any CPU
		{364AFF1B-23D6-45D9-963C-9D4F41B015A6}.Release|Any CPU.Build.0 = Release|Any CPU
		{364AFF1B-23D6-45D9-963C-9D4F41B015A6}.Release|Any CPU.Deploy.0 = Release|Any CPU
	EndGlobalSection
	GlobalSection(SolutionProperties) = preSolution
		HideSolutionNode = FALSE
	EndGlobalSection
	GlobalSection(ExtensibilityGlobals) = postSolution
		SolutionGuid = {ACE686A5-B989-439D-AFB1-27D5CA99C714}
	EndGlobalSection
EndGlobal
