
Microsoft Visual Studio Solution File, Format Version 12.00
# Visual Studio Version 16
VisualStudioVersion = 16.0.29613.14
MinimumVisualStudioVersion = 10.0.40219.1
Project("{FAE04EC0-301F-11D3-BF4B-00C04F79EFBC}") = "SiteCopier", "SiteCopier\SiteCopier.csproj", "{70123E39-A896-4392-BD4D-C2C419CE7D84}"
EndProject
Project("{FAE04EC0-301F-11D3-BF4B-00C04F79EFBC}") = "MainHost", "MainHost\MainHost.csproj", "{BFBA1B5F-0913-4DA1-B482-CBEC07F6DE99}"
EndProject
Project("{FAE04EC0-301F-11D3-BF4B-00C04F79EFBC}") = "SimpleHttpHandler", "SimpleHttpHandler\SimpleHttpHandler.csproj", "{79B9A15B-FBB6-4AC3-9C2F-DA9802830904}"
EndProject
Global
	GlobalSection(SolutionConfigurationPlatforms) = preSolution
		Debug|Any CPU = Debug|Any CPU
		Release|Any CPU = Release|Any CPU
	EndGlobalSection
	GlobalSection(ProjectConfigurationPlatforms) = postSolution
		{70123E39-A896-4392-BD4D-C2C419CE7D84}.Debug|Any CPU.ActiveCfg = Debug|Any CPU
		{70123E39-A896-4392-BD4D-C2C419CE7D84}.Debug|Any CPU.Build.0 = Debug|Any CPU
		{70123E39-A896-4392-BD4D-C2C419CE7D84}.Release|Any CPU.ActiveCfg = Release|Any CPU
		{70123E39-A896-4392-BD4D-C2C419CE7D84}.Release|Any CPU.Build.0 = Release|Any CPU
		{BFBA1B5F-0913-4DA1-B482-CBEC07F6DE99}.Debug|Any CPU.ActiveCfg = Debug|Any CPU
		{BFBA1B5F-0913-4DA1-B482-CBEC07F6DE99}.Debug|Any CPU.Build.0 = Debug|Any CPU
		{BFBA1B5F-0913-4DA1-B482-CBEC07F6DE99}.Release|Any CPU.ActiveCfg = Release|Any CPU
		{BFBA1B5F-0913-4DA1-B482-CBEC07F6DE99}.Release|Any CPU.Build.0 = Release|Any CPU
		{79B9A15B-FBB6-4AC3-9C2F-DA9802830904}.Debug|Any CPU.ActiveCfg = Debug|Any CPU
		{79B9A15B-FBB6-4AC3-9C2F-DA9802830904}.Debug|Any CPU.Build.0 = Debug|Any CPU
		{79B9A15B-FBB6-4AC3-9C2F-DA9802830904}.Release|Any CPU.ActiveCfg = Release|Any CPU
		{79B9A15B-FBB6-4AC3-9C2F-DA9802830904}.Release|Any CPU.Build.0 = Release|Any CPU
	EndGlobalSection
	GlobalSection(SolutionProperties) = preSolution
		HideSolutionNode = FALSE
	EndGlobalSection
	GlobalSection(ExtensibilityGlobals) = postSolution
		SolutionGuid = {1941CBB0-A2FE-40A5-AD1F-F26D65961220}
	EndGlobalSection
EndGlobal
