
Microsoft Visual Studio Solution File, Format Version 12.00
# Visual Studio Version 16
VisualStudioVersion = 16.0.29306.81
MinimumVisualStudioVersion = 10.0.40219.1
Project("{FAE04EC0-301F-11D3-BF4B-00C04F79EFBC}") = "DotNetCoreConsoleApp", "DotNetCoreConsoleApp\DotNetCoreConsoleApp.csproj", "{2DFBE05E-EC06-447F-863D-1730286862DE}"
EndProject
Global
	GlobalSection(SolutionConfigurationPlatforms) = preSolution
		Debug|Any CPU = Debug|Any CPU
		Release|Any CPU = Release|Any CPU
	EndGlobalSection
	GlobalSection(ProjectConfigurationPlatforms) = postSolution
		{2DFBE05E-EC06-447F-863D-1730286862DE}.Debug|Any CPU.ActiveCfg = Debug|Any CPU
		{2DFBE05E-EC06-447F-863D-1730286862DE}.Debug|Any CPU.Build.0 = Debug|Any CPU
		{2DFBE05E-EC06-447F-863D-1730286862DE}.Release|Any CPU.ActiveCfg = Release|Any CPU
		{2DFBE05E-EC06-447F-863D-1730286862DE}.Release|Any CPU.Build.0 = Release|Any CPU
	EndGlobalSection
	GlobalSection(SolutionProperties) = preSolution
		HideSolutionNode = FALSE
	EndGlobalSection
	GlobalSection(ExtensibilityGlobals) = postSolution
		SolutionGuid = {E1E471AA-BC3C-4F1E-A7BC-D207DA9E90B7}
	EndGlobalSection
EndGlobal
