
Microsoft Visual Studio Solution File, Format Version 12.00
# Visual Studio Version 16
VisualStudioVersion = 16.0.29306.81
MinimumVisualStudioVersion = 10.0.40219.1
Project("{9A19103F-16F7-4668-BE54-9A1E7A4F7556}") = "DotNetCoreConsoleApp", "DotNetCoreConsoleApp\DotNetCoreConsoleApp.csproj", "{2DFBE05E-EC06-447F-863D-1730286862DE}"
EndProject
Project("{FAE04EC0-301F-11D3-BF4B-00C04F79EFBC}") = "WinFormsApp", "WinFormsApp\WinFormsApp.csproj", "{CD6B6E06-22CA-4E74-883E-FA9F68F81FCA}"
EndProject
Project("{FAE04EC0-301F-11D3-BF4B-00C04F79EFBC}") = "XamarinAndroidApp", "XamarinAndroidApp\XamarinAndroidApp.csproj", "{D06BCF98-C577-4D72-A744-A583DB9DD40E}"
EndProject
Project("{FAE04EC0-301F-11D3-BF4B-00C04F79EFBC}") = "DotNetStandardClassLibrary", "DotNetStandardClassLibrary\DotNetStandardClassLibrary.csproj", "{C8E2E04D-E514-4E48-AAA0-98D4A658B157}"
EndProject
Global
	GlobalSection(SolutionConfigurationPlatforms) = preSolution
		Debug|Any CPU = Debug|Any CPU
		Release|Any CPU = Release|Any CPU
	EndGlobalSection
	GlobalSection(ProjectConfigurationPlatforms) = postSolution
		{2DFBE05E-EC06-447F-863D-1730286862DE}.Debug|Any CPU.ActiveCfg = Debug|Any CPU
		{2DFBE05E-EC06-447F-863D-1730286862DE}.Debug|Any CPU.Build.0 = Debug|Any CPU
		{2DFBE05E-EC06-447F-863D-1730286862DE}.Release|Any CPU.ActiveCfg = Release|Any CPU
		{2DFBE05E-EC06-447F-863D-1730286862DE}.Release|Any CPU.Build.0 = Release|Any CPU
		{CD6B6E06-22CA-4E74-883E-FA9F68F81FCA}.Debug|Any CPU.ActiveCfg = Debug|Any CPU
		{CD6B6E06-22CA-4E74-883E-FA9F68F81FCA}.Debug|Any CPU.Build.0 = Debug|Any CPU
		{CD6B6E06-22CA-4E74-883E-FA9F68F81FCA}.Release|Any CPU.ActiveCfg = Release|Any CPU
		{CD6B6E06-22CA-4E74-883E-FA9F68F81FCA}.Release|Any CPU.Build.0 = Release|Any CPU
		{D06BCF98-C577-4D72-A744-A583DB9DD40E}.Debug|Any CPU.ActiveCfg = Debug|Any CPU
		{D06BCF98-C577-4D72-A744-A583DB9DD40E}.Debug|Any CPU.Build.0 = Debug|Any CPU
		{D06BCF98-C577-4D72-A744-A583DB9DD40E}.Debug|Any CPU.Deploy.0 = Debug|Any CPU
		{D06BCF98-C577-4D72-A744-A583DB9DD40E}.Release|Any CPU.ActiveCfg = Release|Any CPU
		{D06BCF98-C577-4D72-A744-A583DB9DD40E}.Release|Any CPU.Build.0 = Release|Any CPU
		{D06BCF98-C577-4D72-A744-A583DB9DD40E}.Release|Any CPU.Deploy.0 = Release|Any CPU
		{C8E2E04D-E514-4E48-AAA0-98D4A658B157}.Debug|Any CPU.ActiveCfg = Debug|Any CPU
		{C8E2E04D-E514-4E48-AAA0-98D4A658B157}.Debug|Any CPU.Build.0 = Debug|Any CPU
		{C8E2E04D-E514-4E48-AAA0-98D4A658B157}.Release|Any CPU.ActiveCfg = Release|Any CPU
		{C8E2E04D-E514-4E48-AAA0-98D4A658B157}.Release|Any CPU.Build.0 = Release|Any CPU
	EndGlobalSection
	GlobalSection(SolutionProperties) = preSolution
		HideSolutionNode = FALSE
	EndGlobalSection
	GlobalSection(ExtensibilityGlobals) = postSolution
		SolutionGuid = {E1E471AA-BC3C-4F1E-A7BC-D207DA9E90B7}
	EndGlobalSection
EndGlobal
